{
  "nodes": {
    "catppuccin-bat": {
      "flake": false,
      "locked": {
        "lastModified": 1751237777,
        "narHash": "sha256-lJapSgRVENTrbmpVyn+UQabC9fpV1G1e+CdlJ090uvg=",
        "owner": "catppuccin",
        "repo": "bat",
        "rev": "6810349b28055dce54076712fc05fc68da4b8ec0",
        "type": "github"
      },
      "original": {
        "owner": "catppuccin",
        "repo": "bat",
        "type": "github"
      }
    },
    "helium": {
      "inputs": {
        "nixpkgs": [
          "nixpkgs-unstable"
        ],
        "utils": "utils"
      },
      "locked": {
        "lastModified": 1773543222,
        "narHash": "sha256-TZaluAT2onZcSzkjjMoUna2StwjrQTE/2RVau7yxJ+o=",
        "owner": "schembriaiden",
        "repo": "helium-browser-nix-flake",
        "rev": "99649d70b23bb4e623d1b475395a8c1273d8fba8",
        "type": "github"
      },
      "original": {
        "owner": "schembriaiden",
        "repo": "helium-browser-nix-flake",
        "type": "github"
      }
    },
    "home-manager": {
      "inputs": {
        "nixpkgs": [
          "nixpkgs"
        ]
      },
      "locked": {
        "lastModified": 1772985280,
        "narHash": "sha256-FdrNykOoY9VStevU4zjSUdvsL9SzJTcXt4omdEDZDLk=",
        "owner": "nix-community",
        "repo": "home-manager",
        "rev": "8f736f007139d7f70752657dff6a401a585d6cbc",
        "type": "github"
      },
      "original": {
        "owner": "nix-community",
        "ref": "release-25.11",
        "repo": "home-manager",
        "type": "github"
      }
    },
    "nixpkgs": {
      "locked": {
        "lastModified": 1773068389,
        "narHash": "sha256-vMrm7Pk2hjBRPnCSjhq1pH0bg350Z+pXhqZ9ICiqqCs=",
        "owner": "NixOS",
        "repo": "nixpkgs",
        "rev": "44bae273f9f82d480273bab26f5c50de3724f52f",
        "type": "github"
      },
      "original": {
        "owner": "NixOS",
        "ref": "nixos-25.11",
        "repo": "nixpkgs",
        "type": "github"
      }
    },
    "nixpkgs-unstable": {
      "locked": {
        "lastModified": 1773389992,
        "narHash": "sha256-wvfdLLWJ2I9oEpDd9PfMA8osfIZicoQ5MT1jIwNs9Tk=",
        "owner": "NixOS",
        "repo": "nixpkgs",
        "rev": "c06b4ae3d6599a672a6210b7021d699c351eebda",
        "type": "github"
      },
      "original": {
        "owner": "NixOS",
        "ref": "nixos-unstable",
        "repo": "nixpkgs",
        "type": "github"
      }
    },
    "root": {
      "inputs": {
        "catppuccin-bat": "catppuccin-bat",
        "helium": "helium",
        "home-manager": "home-manager",
        "nixpkgs": "nixpkgs",
        "nixpkgs-unstable": "nixpkgs-unstable",
        "spicetify-nix": "spicetify-nix"
      }
    },
    "spicetify-nix": {
      "inputs": {
        "nixpkgs": [
          "nixpkgs"
        ],
        "spicetify-themes": "spicetify-themes"
      },
      "locked": {
        "lastModified": 1631918376,
        "narHash": "sha256-WOekCAOOlSERRLg1HA7eRh9Qd9DZM75Zkqw4Kp4R0xY=",
        "owner": "jakeisnt",
        "repo": "spicetify-nix",
        "rev": "08e05534909a09921da34b60ebd6a4774baec1f6",
        "type": "github"
      },
      "original": {
        "owner": "jakeisnt",
        "repo": "spicetify-nix",
        "type": "github"
      }
    },
    "spicetify-themes": {
      "flake": false,
      "locked": {
        "lastModified": 1631857770,
        "narHash": "sha256-EGXLhHuWHvGYWHXvm95gSvg3LIUth764LK3Q5ImuYWQ=",
        "owner": "morpheusthewhite",
        "repo": "spicetify-themes",
        "rev": "ad3049d1c6bfa90268d09c201f61e5d57561949c",
        "type": "github"
      },
      "original": {
        "owner": "morpheusthewhite",
        "repo": "spicetify-themes",
        "type": "github"
      }
    },
    "systems": {
      "locked": {
        "lastModified": 1681028828,
        "narHash": "sha256-Vy1rq5AaRuLzOxct8nz4T6wlgyUR7zLU309k9mBC768=",
        "owner": "nix-systems",
        "repo": "default",
        "rev": "da67096a3b9bf56a91d16901293e51ba5b49a27e",
        "type": "github"
      },
      "original": {
        "owner": "nix-systems",
        "repo": "default",
        "type": "github"
      }
    },
    "utils": {
      "inputs": {
        "systems": "systems"
      },
      "locked": {
        "lastModified": 1731533236,
        "narHash": "sha256-l0KFg5HjrsfsO/JpG+r7fRrqm12kzFHyUHqHCVpMMbI=",
        "owner": "numtide",
        "repo": "flake-utils",
        "rev": "11707dc2f618dd54ca8739b309ec4fc024de578b",
        "type": "github"
      },
      "original": {
        "owner": "numtide",
        "repo": "flake-utils",
        "type": "github"
      }
    }
  },
  "root": "root",
  "version": 7
}
